
Microsoft Visual Studio Solution File, Format Version 11.00
# Visual Studio 2010
Project("{FAE04EC0-301F-11D3-BF4B-00C04F79EFBC}") = "null_coalescing_operator", "null_coalescing_operator\null_coalescing_operator.csproj", "{35A2DA96-3F5B-4909-90DD-4211F8EA0F49}"
EndProject
Global
	GlobalSection(SolutionConfigurationPlatforms) = preSolution
		Debug|x86 = Debug|x86
		Release|x86 = Release|x86
	EndGlobalSection
	GlobalSection(ProjectConfigurationPlatforms) = postSolution
		{35A2DA96-3F5B-4909-90DD-4211F8EA0F49}.Debug|x86.ActiveCfg = Debug|x86
		{35A2DA96-3F5B-4909-90DD-4211F8EA0F49}.Debug|x86.Build.0 = Debug|x86
		{35A2DA96-3F5B-4909-90DD-4211F8EA0F49}.Release|x86.ActiveCfg = Release|x86
		{35A2DA96-3F5B-4909-90DD-4211F8EA0F49}.Release|x86.Build.0 = Release|x86
	EndGlobalSection
	GlobalSection(SolutionProperties) = preSolution
		HideSolutionNode = FALSE
	EndGlobalSection
EndGlobal
