
Microsoft Visual Studio Solution File, Format Version 11.00
# Visual Studio 2010
Project("{FAE04EC0-301F-11D3-BF4B-00C04F79EFBC}") = "01_Using_Static", "01_Using_Static\01_Using_Static.csproj", "{6DBC7ED4-427C-4611-BAD0-207B465D33C2}"
EndProject
Global
	GlobalSection(SolutionConfigurationPlatforms) = preSolution
		Debug|x86 = Debug|x86
		Release|x86 = Release|x86
	EndGlobalSection
	GlobalSection(ProjectConfigurationPlatforms) = postSolution
		{6DBC7ED4-427C-4611-BAD0-207B465D33C2}.Debug|x86.ActiveCfg = Debug|x86
		{6DBC7ED4-427C-4611-BAD0-207B465D33C2}.Debug|x86.Build.0 = Debug|x86
		{6DBC7ED4-427C-4611-BAD0-207B465D33C2}.Release|x86.ActiveCfg = Release|x86
		{6DBC7ED4-427C-4611-BAD0-207B465D33C2}.Release|x86.Build.0 = Release|x86
	EndGlobalSection
	GlobalSection(SolutionProperties) = preSolution
		HideSolutionNode = FALSE
	EndGlobalSection
EndGlobal
