
Microsoft Visual Studio Solution File, Format Version 11.00
# Visual Studio 2010
Project("{FAE04EC0-301F-11D3-BF4B-00C04F79EFBC}") = "04_Inc+Dec", "04_Inc+Dec\04_Inc+Dec.csproj", "{138B61E8-1A6F-4BD9-8ADA-1A83A7391BFC}"
EndProject
Global
	GlobalSection(SolutionConfigurationPlatforms) = preSolution
		Debug|x86 = Debug|x86
		Release|x86 = Release|x86
	EndGlobalSection
	GlobalSection(ProjectConfigurationPlatforms) = postSolution
		{138B61E8-1A6F-4BD9-8ADA-1A83A7391BFC}.Debug|x86.ActiveCfg = Debug|x86
		{138B61E8-1A6F-4BD9-8ADA-1A83A7391BFC}.Debug|x86.Build.0 = Debug|x86
		{138B61E8-1A6F-4BD9-8ADA-1A83A7391BFC}.Release|x86.ActiveCfg = Release|x86
		{138B61E8-1A6F-4BD9-8ADA-1A83A7391BFC}.Release|x86.Build.0 = Release|x86
	EndGlobalSection
	GlobalSection(SolutionProperties) = preSolution
		HideSolutionNode = FALSE
	EndGlobalSection
EndGlobal
